// !$*UTF8*$!
{
	archiveVersion = 1;
	classes = {
	};
	objectVersion = 50;
	objects = {

/* Begin PBXBuildFile section */
		B7AC1E4E27180AAC002FC176 /* QuoteCastTextLinkPreviewCell.xib in Resources */ = {isa = PBXBuildFile; fileRef = B7AC1E4C27180AAB002FC176 /* QuoteCastTextLinkPreviewCell.xib */; };
		B7AC1E4F27180AAC002FC176 /* QuoteCastTextLinkPreviewCell.swift in Sources */ = {isa = PBXBuildFile; fileRef = B7AC1E4D27180AAC002FC176 /* QuoteCastTextLinkPreviewCell.swift */; };
		B7C2522F26C812A800ACBB84 /* Post.h in Headers */ = {isa = PBXBuildFile; fileRef = B7C2522D26C812A800ACBB84 /* Post.h */; settings = {ATTRIBUTES = (Public, ); }; };
		B7C2523E26C818B900ACBB84 /* Core.framework in Frameworks */ = {isa = PBXBuildFile; fileRef = B7C2523D26C818B900ACBB84 /* Core.framework */; };
		B7C2524326C8402200ACBB84 /* CastKeyboardInput.swift in Sources */ = {isa = PBXBuildFile; fileRef = B7C2524226C8402200ACBB84 /* CastKeyboardInput.swift */; };
		B7C2524526C8402D00ACBB84 /* CastKeyboardInput.xib in Resources */ = {isa = PBXBuildFile; fileRef = B7C2524426C8402D00ACBB84 /* CastKeyboardInput.xib */; };
		B7C2524726C8408800ACBB84 /* Post.storyboard in Resources */ = {isa = PBXBuildFile; fileRef = B7C2524626C8408800ACBB84 /* Post.storyboard */; };
		B7C2524926C840A200ACBB84 /* PostViewController.swift in Sources */ = {isa = PBXBuildFile; fileRef = B7C2524826C840A200ACBB84 /* PostViewController.swift */; };
		B7C2524F26C84C8500ACBB84 /* PostNibVars.swift in Sources */ = {isa = PBXBuildFile; fileRef = B7C2524E26C84C8500ACBB84 /* PostNibVars.swift */; };
		B7C2525126C84CAD00ACBB84 /* PostOpener.swift in Sources */ = {isa = PBXBuildFile; fileRef = B7C2525026C84CAD00ACBB84 /* PostOpener.swift */; };
		B7C2525A26CA28FF00ACBB84 /* PostTextTableViewCell.swift in Sources */ = {isa = PBXBuildFile; fileRef = B7C2525826CA28FF00ACBB84 /* PostTextTableViewCell.swift */; };
		B7C2525B26CA28FF00ACBB84 /* PostTextTableViewCell.xib in Resources */ = {isa = PBXBuildFile; fileRef = B7C2525926CA28FF00ACBB84 /* PostTextTableViewCell.xib */; };
		B7C2525E26CA3C4400ACBB84 /* HeaderPostTableViewCell.swift in Sources */ = {isa = PBXBuildFile; fileRef = B7C2525C26CA3C4400ACBB84 /* HeaderPostTableViewCell.swift */; };
		B7C2525F26CA3C4400ACBB84 /* HeaderPostTableViewCell.xib in Resources */ = {isa = PBXBuildFile; fileRef = B7C2525D26CA3C4400ACBB84 /* HeaderPostTableViewCell.xib */; };
		B7C2526126CA5E7100ACBB84 /* PostViewModel.swift in Sources */ = {isa = PBXBuildFile; fileRef = B7C2526026CA5E7100ACBB84 /* PostViewModel.swift */; };
		B7C2526426CAC1D600ACBB84 /* ImagePostTableViewCell.swift in Sources */ = {isa = PBXBuildFile; fileRef = B7C2526226CAC1D600ACBB84 /* ImagePostTableViewCell.swift */; };
		B7C2526526CAC1D600ACBB84 /* ImagePostTableViewCell.xib in Resources */ = {isa = PBXBuildFile; fileRef = B7C2526326CAC1D600ACBB84 /* ImagePostTableViewCell.xib */; };
		B7C2526726CB9D8C00ACBB84 /* Networking.framework in Frameworks */ = {isa = PBXBuildFile; fileRef = B7C2526626CB9D8C00ACBB84 /* Networking.framework */; };
		B7C2527526CBA99600ACBB84 /* QuoteCastTextCell.swift in Sources */ = {isa = PBXBuildFile; fileRef = B7C2527326CBA99600ACBB84 /* QuoteCastTextCell.swift */; };
		B7C2527626CBA99600ACBB84 /* QuoteCastTextCell.xib in Resources */ = {isa = PBXBuildFile; fileRef = B7C2527426CBA99600ACBB84 /* QuoteCastTextCell.xib */; };
		B7C2527926CC018000ACBB84 /* QuoteCastTextLinkCell.swift in Sources */ = {isa = PBXBuildFile; fileRef = B7C2527726CC018000ACBB84 /* QuoteCastTextLinkCell.swift */; };
		B7C2527A26CC018000ACBB84 /* QuoteCastTextLinkCell.xib in Resources */ = {isa = PBXBuildFile; fileRef = B7C2527826CC018000ACBB84 /* QuoteCastTextLinkCell.xib */; };
		B7C2527D26CC07CA00ACBB84 /* QuoteCastImageX1Cell.swift in Sources */ = {isa = PBXBuildFile; fileRef = B7C2527B26CC07CA00ACBB84 /* QuoteCastImageX1Cell.swift */; };
		B7C2527E26CC07CA00ACBB84 /* QuoteCastImageX1Cell.xib in Resources */ = {isa = PBXBuildFile; fileRef = B7C2527C26CC07CA00ACBB84 /* QuoteCastImageX1Cell.xib */; };
		B7C2528126CC0DB300ACBB84 /* QuoteCastImageXMoreCell.xib in Resources */ = {isa = PBXBuildFile; fileRef = B7C2527F26CC0DB300ACBB84 /* QuoteCastImageXMoreCell.xib */; };
		B7C2528226CC0DB300ACBB84 /* QuoteCastImageXMoreCell.swift in Sources */ = {isa = PBXBuildFile; fileRef = B7C2528026CC0DB300ACBB84 /* QuoteCastImageXMoreCell.swift */; };
		B7C2528726CC130E00ACBB84 /* QuoteCastImageX3Cell.swift in Sources */ = {isa = PBXBuildFile; fileRef = B7C2528326CC130D00ACBB84 /* QuoteCastImageX3Cell.swift */; };
		B7C2528826CC130E00ACBB84 /* QuoteCastImageX2Cell.xib in Resources */ = {isa = PBXBuildFile; fileRef = B7C2528426CC130E00ACBB84 /* QuoteCastImageX2Cell.xib */; };
		B7C2528926CC130E00ACBB84 /* QuoteCastImageX2Cell.swift in Sources */ = {isa = PBXBuildFile; fileRef = B7C2528526CC130E00ACBB84 /* QuoteCastImageX2Cell.swift */; };
		B7C2528A26CC130E00ACBB84 /* QuoteCastImageX3Cell.xib in Resources */ = {isa = PBXBuildFile; fileRef = B7C2528626CC130E00ACBB84 /* QuoteCastImageX3Cell.xib */; };
		B7C2528F26CC15E300ACBB84 /* QuoteCastBlogNoImageCell.swift in Sources */ = {isa = PBXBuildFile; fileRef = B7C2528B26CC15E300ACBB84 /* QuoteCastBlogNoImageCell.swift */; };
		B7C2529026CC15E300ACBB84 /* QuoteCastBlogNoImageCell.xib in Resources */ = {isa = PBXBuildFile; fileRef = B7C2528C26CC15E300ACBB84 /* QuoteCastBlogNoImageCell.xib */; };
		B7C2529126CC15E300ACBB84 /* QuoteCastBlogCell.xib in Resources */ = {isa = PBXBuildFile; fileRef = B7C2528D26CC15E300ACBB84 /* QuoteCastBlogCell.xib */; };
		B7C2529226CC15E300ACBB84 /* QuoteCastBlogCell.swift in Sources */ = {isa = PBXBuildFile; fileRef = B7C2528E26CC15E300ACBB84 /* QuoteCastBlogCell.swift */; };
		B7C2529B26CE385800ACBB84 /* MentionTableViewCell.swift in Sources */ = {isa = PBXBuildFile; fileRef = B7C2529926CE385800ACBB84 /* MentionTableViewCell.swift */; };
		B7C2529C26CE385800ACBB84 /* MentionTableViewCell.xib in Resources */ = {isa = PBXBuildFile; fileRef = B7C2529A26CE385800ACBB84 /* MentionTableViewCell.xib */; };
		B7C2529F26CE3ED900ACBB84 /* HashtagTableViewCell.swift in Sources */ = {isa = PBXBuildFile; fileRef = B7C2529D26CE3ED900ACBB84 /* HashtagTableViewCell.swift */; };
		B7C252A026CE3ED900ACBB84 /* HashtagTableViewCell.xib in Resources */ = {isa = PBXBuildFile; fileRef = B7C2529E26CE3ED900ACBB84 /* HashtagTableViewCell.xib */; };
		C8652E2209B87A36BB49A921 /* Pods_Post.framework in Frameworks */ = {isa = PBXBuildFile; fileRef = 6E593F6FC38812E9FBA71D23 /* Pods_Post.framework */; };
/* End PBXBuildFile section */

/* Begin PBXFileReference section */
		04C7E3D514892CDCA8F80DCB /* Pods-Post.debug (production).xcconfig */ = {isa = PBXFileReference; includeInIndex = 1; lastKnownFileType = text.xcconfig; name = "Pods-Post.debug (production).xcconfig"; path = "Target Support Files/Pods-Post/Pods-Post.debug (production).xcconfig"; sourceTree = "<group>"; };
		079DACC0FB51A9D951B05483 /* Pods-Post.debug (development).xcconfig */ = {isa = PBXFileReference; includeInIndex = 1; lastKnownFileType = text.xcconfig; name = "Pods-Post.debug (development).xcconfig"; path = "Target Support Files/Pods-Post/Pods-Post.debug (development).xcconfig"; sourceTree = "<group>"; };
		2099F79CFAD8DDE5338684E3 /* Pods-Post.release (staging).xcconfig */ = {isa = PBXFileReference; includeInIndex = 1; lastKnownFileType = text.xcconfig; name = "Pods-Post.release (staging).xcconfig"; path = "Target Support Files/Pods-Post/Pods-Post.release (staging).xcconfig"; sourceTree = "<group>"; };
		289D7CBE1FD86DF81CCA5667 /* Pods-Post.release (development).xcconfig */ = {isa = PBXFileReference; includeInIndex = 1; lastKnownFileType = text.xcconfig; name = "Pods-Post.release (development).xcconfig"; path = "Target Support Files/Pods-Post/Pods-Post.release (development).xcconfig"; sourceTree = "<group>"; };
		59BD8A1899B67DA3615DAAAD /* Pods-Post.release (production).xcconfig */ = {isa = PBXFileReference; includeInIndex = 1; lastKnownFileType = text.xcconfig; name = "Pods-Post.release (production).xcconfig"; path = "Target Support Files/Pods-Post/Pods-Post.release (production).xcconfig"; sourceTree = "<group>"; };
		6E593F6FC38812E9FBA71D23 /* Pods_Post.framework */ = {isa = PBXFileReference; explicitFileType = wrapper.framework; includeInIndex = 0; path = Pods_Post.framework; sourceTree = BUILT_PRODUCTS_DIR; };
		B7AC1E4C27180AAB002FC176 /* QuoteCastTextLinkPreviewCell.xib */ = {isa = PBXFileReference; fileEncoding = 4; lastKnownFileType = file.xib; path = QuoteCastTextLinkPreviewCell.xib; sourceTree = "<group>"; };
		B7AC1E4D27180AAC002FC176 /* QuoteCastTextLinkPreviewCell.swift */ = {isa = PBXFileReference; fileEncoding = 4; lastKnownFileType = sourcecode.swift; path = QuoteCastTextLinkPreviewCell.swift; sourceTree = "<group>"; };
		B7C2522A26C812A800ACBB84 /* Post.framework */ = {isa = PBXFileReference; explicitFileType = wrapper.framework; includeInIndex = 0; path = Post.framework; sourceTree = BUILT_PRODUCTS_DIR; };
		B7C2522D26C812A800ACBB84 /* Post.h */ = {isa = PBXFileReference; lastKnownFileType = sourcecode.c.h; path = Post.h; sourceTree = "<group>"; };
		B7C2522E26C812A800ACBB84 /* Info.plist */ = {isa = PBXFileReference; lastKnownFileType = text.plist.xml; path = Info.plist; sourceTree = "<group>"; };
		B7C2523D26C818B900ACBB84 /* Core.framework */ = {isa = PBXFileReference; explicitFileType = wrapper.framework; path = Core.framework; sourceTree = BUILT_PRODUCTS_DIR; };
		B7C2524226C8402200ACBB84 /* CastKeyboardInput.swift */ = {isa = PBXFileReference; lastKnownFileType = sourcecode.swift; path = CastKeyboardInput.swift; sourceTree = "<group>"; };
		B7C2524426C8402D00ACBB84 /* CastKeyboardInput.xib */ = {isa = PBXFileReference; lastKnownFileType = file.xib; path = CastKeyboardInput.xib; sourceTree = "<group>"; };
		B7C2524626C8408800ACBB84 /* Post.storyboard */ = {isa = PBXFileReference; lastKnownFileType = file.storyboard; path = Post.storyboard; sourceTree = "<group>"; };
		B7C2524826C840A200ACBB84 /* PostViewController.swift */ = {isa = PBXFileReference; lastKnownFileType = sourcecode.swift; path = PostViewController.swift; sourceTree = "<group>"; };
		B7C2524E26C84C8500ACBB84 /* PostNibVars.swift */ = {isa = PBXFileReference; lastKnownFileType = sourcecode.swift; path = PostNibVars.swift; sourceTree = "<group>"; };
		B7C2525026C84CAD00ACBB84 /* PostOpener.swift */ = {isa = PBXFileReference; lastKnownFileType = sourcecode.swift; path = PostOpener.swift; sourceTree = "<group>"; };
		B7C2525826CA28FF00ACBB84 /* PostTextTableViewCell.swift */ = {isa = PBXFileReference; lastKnownFileType = sourcecode.swift; path = PostTextTableViewCell.swift; sourceTree = "<group>"; };
		B7C2525926CA28FF00ACBB84 /* PostTextTableViewCell.xib */ = {isa = PBXFileReference; lastKnownFileType = file.xib; path = PostTextTableViewCell.xib; sourceTree = "<group>"; };
		B7C2525C26CA3C4400ACBB84 /* HeaderPostTableViewCell.swift */ = {isa = PBXFileReference; lastKnownFileType = sourcecode.swift; path = HeaderPostTableViewCell.swift; sourceTree = "<group>"; };
		B7C2525D26CA3C4400ACBB84 /* HeaderPostTableViewCell.xib */ = {isa = PBXFileReference; lastKnownFileType = file.xib; path = HeaderPostTableViewCell.xib; sourceTree = "<group>"; };
		B7C2526026CA5E7100ACBB84 /* PostViewModel.swift */ = {isa = PBXFileReference; lastKnownFileType = sourcecode.swift; path = PostViewModel.swift; sourceTree = "<group>"; };
		B7C2526226CAC1D600ACBB84 /* ImagePostTableViewCell.swift */ = {isa = PBXFileReference; lastKnownFileType = sourcecode.swift; path = ImagePostTableViewCell.swift; sourceTree = "<group>"; };
		B7C2526326CAC1D600ACBB84 /* ImagePostTableViewCell.xib */ = {isa = PBXFileReference; lastKnownFileType = file.xib; path = ImagePostTableViewCell.xib; sourceTree = "<group>"; };
		B7C2526626CB9D8C00ACBB84 /* Networking.framework */ = {isa = PBXFileReference; explicitFileType = wrapper.framework; path = Networking.framework; sourceTree = BUILT_PRODUCTS_DIR; };
		B7C2527326CBA99600ACBB84 /* QuoteCastTextCell.swift */ = {isa = PBXFileReference; lastKnownFileType = sourcecode.swift; path = QuoteCastTextCell.swift; sourceTree = "<group>"; };
		B7C2527426CBA99600ACBB84 /* QuoteCastTextCell.xib */ = {isa = PBXFileReference; lastKnownFileType = file.xib; path = QuoteCastTextCell.xib; sourceTree = "<group>"; };
		B7C2527726CC018000ACBB84 /* QuoteCastTextLinkCell.swift */ = {isa = PBXFileReference; fileEncoding = 4; lastKnownFileType = sourcecode.swift; path = QuoteCastTextLinkCell.swift; sourceTree = "<group>"; };
		B7C2527826CC018000ACBB84 /* QuoteCastTextLinkCell.xib */ = {isa = PBXFileReference; fileEncoding = 4; lastKnownFileType = file.xib; path = QuoteCastTextLinkCell.xib; sourceTree = "<group>"; };
		B7C2527B26CC07CA00ACBB84 /* QuoteCastImageX1Cell.swift */ = {isa = PBXFileReference; fileEncoding = 4; lastKnownFileType = sourcecode.swift; path = QuoteCastImageX1Cell.swift; sourceTree = "<group>"; };
		B7C2527C26CC07CA00ACBB84 /* QuoteCastImageX1Cell.xib */ = {isa = PBXFileReference; fileEncoding = 4; lastKnownFileType = file.xib; path = QuoteCastImageX1Cell.xib; sourceTree = "<group>"; };
		B7C2527F26CC0DB300ACBB84 /* QuoteCastImageXMoreCell.xib */ = {isa = PBXFileReference; fileEncoding = 4; lastKnownFileType = file.xib; path = QuoteCastImageXMoreCell.xib; sourceTree = "<group>"; };
		B7C2528026CC0DB300ACBB84 /* QuoteCastImageXMoreCell.swift */ = {isa = PBXFileReference; fileEncoding = 4; lastKnownFileType = sourcecode.swift; path = QuoteCastImageXMoreCell.swift; sourceTree = "<group>"; };
		B7C2528326CC130D00ACBB84 /* QuoteCastImageX3Cell.swift */ = {isa = PBXFileReference; fileEncoding = 4; lastKnownFileType = sourcecode.swift; path = QuoteCastImageX3Cell.swift; sourceTree = "<group>"; };
		B7C2528426CC130E00ACBB84 /* QuoteCastImageX2Cell.xib */ = {isa = PBXFileReference; fileEncoding = 4; lastKnownFileType = file.xib; path = QuoteCastImageX2Cell.xib; sourceTree = "<group>"; };
		B7C2528526CC130E00ACBB84 /* QuoteCastImageX2Cell.swift */ = {isa = PBXFileReference; fileEncoding = 4; lastKnownFileType = sourcecode.swift; path = QuoteCastImageX2Cell.swift; sourceTree = "<group>"; };
		B7C2528626CC130E00ACBB84 /* QuoteCastImageX3Cell.xib */ = {isa = PBXFileReference; fileEncoding = 4; lastKnownFileType = file.xib; path = QuoteCastImageX3Cell.xib; sourceTree = "<group>"; };
		B7C2528B26CC15E300ACBB84 /* QuoteCastBlogNoImageCell.swift */ = {isa = PBXFileReference; fileEncoding = 4; lastKnownFileType = sourcecode.swift; path = QuoteCastBlogNoImageCell.swift; sourceTree = "<group>"; };
		B7C2528C26CC15E300ACBB84 /* QuoteCastBlogNoImageCell.xib */ = {isa = PBXFileReference; fileEncoding = 4; lastKnownFileType = file.xib; path = QuoteCastBlogNoImageCell.xib; sourceTree = "<group>"; };
		B7C2528D26CC15E300ACBB84 /* QuoteCastBlogCell.xib */ = {isa = PBXFileReference; fileEncoding = 4; lastKnownFileType = file.xib; path = QuoteCastBlogCell.xib; sourceTree = "<group>"; };
		B7C2528E26CC15E300ACBB84 /* QuoteCastBlogCell.swift */ = {isa = PBXFileReference; fileEncoding = 4; lastKnownFileType = sourcecode.swift; path = QuoteCastBlogCell.swift; sourceTree = "<group>"; };
		B7C2529926CE385800ACBB84 /* MentionTableViewCell.swift */ = {isa = PBXFileReference; lastKnownFileType = sourcecode.swift; path = MentionTableViewCell.swift; sourceTree = "<group>"; };
		B7C2529A26CE385800ACBB84 /* MentionTableViewCell.xib */ = {isa = PBXFileReference; lastKnownFileType = file.xib; path = MentionTableViewCell.xib; sourceTree = "<group>"; };
		B7C2529D26CE3ED900ACBB84 /* HashtagTableViewCell.swift */ = {isa = PBXFileReference; lastKnownFileType = sourcecode.swift; path = HashtagTableViewCell.swift; sourceTree = "<group>"; };
		B7C2529E26CE3ED900ACBB84 /* HashtagTableViewCell.xib */ = {isa = PBXFileReference; lastKnownFileType = file.xib; path = HashtagTableViewCell.xib; sourceTree = "<group>"; };
		F202663F4CD3F7E00D063926 /* Pods-Post.debug (staging).xcconfig */ = {isa = PBXFileReference; includeInIndex = 1; lastKnownFileType = text.xcconfig; name = "Pods-Post.debug (staging).xcconfig"; path = "Target Support Files/Pods-Post/Pods-Post.debug (staging).xcconfig"; sourceTree = "<group>"; };
/* End PBXFileReference section */

/* Begin PBXFrameworksBuildPhase section */
		B7C2522726C812A800ACBB84 /* Frameworks */ = {
			isa = PBXFrameworksBuildPhase;
			buildActionMask = 2147483647;
			files = (
				C8652E2209B87A36BB49A921 /* Pods_Post.framework in Frameworks */,
				B7C2523E26C818B900ACBB84 /* Core.framework in Frameworks */,
				B7C2526726CB9D8C00ACBB84 /* Networking.framework in Frameworks */,
			);
			runOnlyForDeploymentPostprocessing = 0;
		};
/* End PBXFrameworksBuildPhase section */

/* Begin PBXGroup section */
		0BC93818F6A8B35DB51F0E06 /* Pods */ = {
			isa = PBXGroup;
			children = (
				04C7E3D514892CDCA8F80DCB /* Pods-Post.debug (production).xcconfig */,
				F202663F4CD3F7E00D063926 /* Pods-Post.debug (staging).xcconfig */,
				079DACC0FB51A9D951B05483 /* Pods-Post.debug (development).xcconfig */,
				59BD8A1899B67DA3615DAAAD /* Pods-Post.release (production).xcconfig */,
				2099F79CFAD8DDE5338684E3 /* Pods-Post.release (staging).xcconfig */,
				289D7CBE1FD86DF81CCA5667 /* Pods-Post.release (development).xcconfig */,
			);
			name = Pods;
			path = ../Pods;
			sourceTree = "<group>";
		};
		0FD860D4CBD6B5C1107821C3 /* Frameworks */ = {
			isa = PBXGroup;
			children = (
				B7C2526626CB9D8C00ACBB84 /* Networking.framework */,
				B7C2523D26C818B900ACBB84 /* Core.framework */,
				6E593F6FC38812E9FBA71D23 /* Pods_Post.framework */,
			);
			name = Frameworks;
			sourceTree = "<group>";
		};
		B7642C4626E07CDB00CDCE95 /* Post */ = {
			isa = PBXGroup;
			children = (
				B7C2525C26CA3C4400ACBB84 /* HeaderPostTableViewCell.swift */,
				B7C2525D26CA3C4400ACBB84 /* HeaderPostTableViewCell.xib */,
				B7C2525826CA28FF00ACBB84 /* PostTextTableViewCell.swift */,
				B7C2525926CA28FF00ACBB84 /* PostTextTableViewCell.xib */,
				B7C2526226CAC1D600ACBB84 /* ImagePostTableViewCell.swift */,
				B7C2526326CAC1D600ACBB84 /* ImagePostTableViewCell.xib */,
				B7C2529926CE385800ACBB84 /* MentionTableViewCell.swift */,
				B7C2529A26CE385800ACBB84 /* MentionTableViewCell.xib */,
				B7C2529D26CE3ED900ACBB84 /* HashtagTableViewCell.swift */,
				B7C2529E26CE3ED900ACBB84 /* HashtagTableViewCell.xib */,
			);
			path = Post;
			sourceTree = "<group>";
		};
		B7642C4726E0A5B400CDCE95 /* ViewModel */ = {
			isa = PBXGroup;
			children = (
				B7C2526026CA5E7100ACBB84 /* PostViewModel.swift */,
			);
			path = ViewModel;
			sourceTree = "<group>";
		};
		B7642C4826E0A5BC00CDCE95 /* ViewController */ = {
			isa = PBXGroup;
			children = (
				B7C2524826C840A200ACBB84 /* PostViewController.swift */,
			);
			path = ViewController;
			sourceTree = "<group>";
		};
		B7C2522026C812A800ACBB84 = {
			isa = PBXGroup;
			children = (
				B7C2522C26C812A800ACBB84 /* Post */,
				B7C2522B26C812A800ACBB84 /* Products */,
				0BC93818F6A8B35DB51F0E06 /* Pods */,
				0FD860D4CBD6B5C1107821C3 /* Frameworks */,
			);
			sourceTree = "<group>";
		};
		B7C2522B26C812A800ACBB84 /* Products */ = {
			isa = PBXGroup;
			children = (
				B7C2522A26C812A800ACBB84 /* Post.framework */,
			);
			name = Products;
			sourceTree = "<group>";
		};
		B7C2522C26C812A800ACBB84 /* Post */ = {
			isa = PBXGroup;
			children = (
				B7C2522D26C812A800ACBB84 /* Post.h */,
				B7C2522E26C812A800ACBB84 /* Info.plist */,
				B7C2524626C8408800ACBB84 /* Post.storyboard */,
				B7642C4826E0A5BC00CDCE95 /* ViewController */,
				B7642C4726E0A5B400CDCE95 /* ViewModel */,
				B7C2526D26CBA7B700ACBB84 /* Cell */,
				B7C2524D26C84C7000ACBB84 /* Utilities */,
				B7C2524126C83FEB00ACBB84 /* KeyboardInputView */,
			);
			path = Post;
			sourceTree = "<group>";
		};
		B7C2524126C83FEB00ACBB84 /* KeyboardInputView */ = {
			isa = PBXGroup;
			children = (
				B7C2524226C8402200ACBB84 /* CastKeyboardInput.swift */,
				B7C2524426C8402D00ACBB84 /* CastKeyboardInput.xib */,
			);
			path = KeyboardInputView;
			sourceTree = "<group>";
		};
		B7C2524D26C84C7000ACBB84 /* Utilities */ = {
			isa = PBXGroup;
			children = (
				B7C2524E26C84C8500ACBB84 /* PostNibVars.swift */,
				B7C2525026C84CAD00ACBB84 /* PostOpener.swift */,
			);
			path = Utilities;
			sourceTree = "<group>";
		};
		B7C2526D26CBA7B700ACBB84 /* Cell */ = {
			isa = PBXGroup;
			children = (
				B7642C4626E07CDB00CDCE95 /* Post */,
				B7C2526E26CBA7D400ACBB84 /* Quote Feed Type */,
			);
			path = Cell;
			sourceTree = "<group>";
		};
		B7C2526E26CBA7D400ACBB84 /* Quote Feed Type */ = {
			isa = PBXGroup;
			children = (
				B7C2527326CBA99600ACBB84 /* QuoteCastTextCell.swift */,
				B7C2527426CBA99600ACBB84 /* QuoteCastTextCell.xib */,
				B7C2527726CC018000ACBB84 /* QuoteCastTextLinkCell.swift */,
				B7C2527826CC018000ACBB84 /* QuoteCastTextLinkCell.xib */,
				B7AC1E4D27180AAC002FC176 /* QuoteCastTextLinkPreviewCell.swift */,
				B7AC1E4C27180AAB002FC176 /* QuoteCastTextLinkPreviewCell.xib */,
				B7C2527B26CC07CA00ACBB84 /* QuoteCastImageX1Cell.swift */,
				B7C2527C26CC07CA00ACBB84 /* QuoteCastImageX1Cell.xib */,
				B7C2528526CC130E00ACBB84 /* QuoteCastImageX2Cell.swift */,
				B7C2528426CC130E00ACBB84 /* QuoteCastImageX2Cell.xib */,
				B7C2528326CC130D00ACBB84 /* QuoteCastImageX3Cell.swift */,
				B7C2528626CC130E00ACBB84 /* QuoteCastImageX3Cell.xib */,
				B7C2528026CC0DB300ACBB84 /* QuoteCastImageXMoreCell.swift */,
				B7C2527F26CC0DB300ACBB84 /* QuoteCastImageXMoreCell.xib */,
				B7C2528E26CC15E300ACBB84 /* QuoteCastBlogCell.swift */,
				B7C2528D26CC15E300ACBB84 /* QuoteCastBlogCell.xib */,
				B7C2528B26CC15E300ACBB84 /* QuoteCastBlogNoImageCell.swift */,
				B7C2528C26CC15E300ACBB84 /* QuoteCastBlogNoImageCell.xib */,
			);
			path = "Quote Feed Type";
			sourceTree = "<group>";
		};
/* End PBXGroup section */

/* Begin PBXHeadersBuildPhase section */
		B7C2522526C812A800ACBB84 /* Headers */ = {
			isa = PBXHeadersBuildPhase;
			buildActionMask = 2147483647;
			files = (
				B7C2522F26C812A800ACBB84 /* Post.h in Headers */,
			);
			runOnlyForDeploymentPostprocessing = 0;
		};
/* End PBXHeadersBuildPhase section */

/* Begin PBXNativeTarget section */
		B7C2522926C812A800ACBB84 /* Post */ = {
			isa = PBXNativeTarget;
			buildConfigurationList = B7C2523226C812A800ACBB84 /* Build configuration list for PBXNativeTarget "Post" */;
			buildPhases = (
				768DDE1F1A44DF99DAD77C7F /* [CP] Check Pods Manifest.lock */,
				B7C2522526C812A800ACBB84 /* Headers */,
				B7C2522626C812A800ACBB84 /* Sources */,
				B7C2522726C812A800ACBB84 /* Frameworks */,
				B7C2522826C812A800ACBB84 /* Resources */,
			);
			buildRules = (
			);
			dependencies = (
			);
			name = Post;
			productName = Post;
			productReference = B7C2522A26C812A800ACBB84 /* Post.framework */;
			productType = "com.apple.product-type.framework";
		};
/* End PBXNativeTarget section */

/* Begin PBXProject section */
		B7C2522126C812A800ACBB84 /* Project object */ = {
			isa = PBXProject;
			attributes = {
				LastUpgradeCheck = 1250;
				TargetAttributes = {
					B7C2522926C812A800ACBB84 = {
						CreatedOnToolsVersion = 12.5.1;
						LastSwiftMigration = 1250;
					};
				};
			};
			buildConfigurationList = B7C2522426C812A800ACBB84 /* Build configuration list for PBXProject "Post" */;
			compatibilityVersion = "Xcode 9.3";
			developmentRegion = en;
			hasScannedForEncodings = 0;
			knownRegions = (
				en,
				Base,
			);
			mainGroup = B7C2522026C812A800ACBB84;
			productRefGroup = B7C2522B26C812A800ACBB84 /* Products */;
			projectDirPath = "";
			projectRoot = "";
			targets = (
				B7C2522926C812A800ACBB84 /* Post */,
			);
		};
/* End PBXProject section */

/* Begin PBXResourcesBuildPhase section */
		B7C2522826C812A800ACBB84 /* Resources */ = {
			isa = PBXResourcesBuildPhase;
			buildActionMask = 2147483647;
			files = (
				B7C252A026CE3ED900ACBB84 /* HashtagTableViewCell.xib in Resources */,
				B7C2524726C8408800ACBB84 /* Post.storyboard in Resources */,
				B7C2524526C8402D00ACBB84 /* CastKeyboardInput.xib in Resources */,
				B7C2529126CC15E300ACBB84 /* QuoteCastBlogCell.xib in Resources */,
				B7C2529026CC15E300ACBB84 /* QuoteCastBlogNoImageCell.xib in Resources */,
				B7C2529C26CE385800ACBB84 /* MentionTableViewCell.xib in Resources */,
				B7C2526526CAC1D600ACBB84 /* ImagePostTableViewCell.xib in Resources */,
				B7C2528A26CC130E00ACBB84 /* QuoteCastImageX3Cell.xib in Resources */,
				B7C2527A26CC018000ACBB84 /* QuoteCastTextLinkCell.xib in Resources */,
				B7C2527626CBA99600ACBB84 /* QuoteCastTextCell.xib in Resources */,
				B7C2528126CC0DB300ACBB84 /* QuoteCastImageXMoreCell.xib in Resources */,
				B7C2525F26CA3C4400ACBB84 /* HeaderPostTableViewCell.xib in Resources */,
				B7C2527E26CC07CA00ACBB84 /* QuoteCastImageX1Cell.xib in Resources */,
				B7C2525B26CA28FF00ACBB84 /* PostTextTableViewCell.xib in Resources */,
				B7AC1E4E27180AAC002FC176 /* QuoteCastTextLinkPreviewCell.xib in Resources */,
				B7C2528826CC130E00ACBB84 /* QuoteCastImageX2Cell.xib in Resources */,
			);
			runOnlyForDeploymentPostprocessing = 0;
		};
/* End PBXResourcesBuildPhase section */

/* Begin PBXShellScriptBuildPhase section */
		768DDE1F1A44DF99DAD77C7F /* [CP] Check Pods Manifest.lock */ = {
			isa = PBXShellScriptBuildPhase;
			buildActionMask = 2147483647;
			files = (
			);
			inputFileListPaths = (
			);
			inputPaths = (
				"${PODS_PODFILE_DIR_PATH}/Podfile.lock",
				"${PODS_ROOT}/Manifest.lock",
			);
			name = "[CP] Check Pods Manifest.lock";
			outputFileListPaths = (
			);
			outputPaths = (
				"$(DERIVED_FILE_DIR)/Pods-Post-checkManifestLockResult.txt",
			);
			runOnlyForDeploymentPostprocessing = 0;
			shellPath = /bin/sh;
			shellScript = "diff \"${PODS_PODFILE_DIR_PATH}/Podfile.lock\" \"${PODS_ROOT}/Manifest.lock\" > /dev/null\nif [ $? != 0 ] ; then\n    # print error to STDERR\n    echo \"error: The sandbox is not in sync with the Podfile.lock. Run 'pod install' or update your CocoaPods installation.\" >&2\n    exit 1\nfi\n# This output is used by Xcode 'outputs' to avoid re-running this script phase.\necho \"SUCCESS\" > \"${SCRIPT_OUTPUT_FILE_0}\"\n";
			showEnvVarsInLog = 0;
		};
/* End PBXShellScriptBuildPhase section */

/* Begin PBXSourcesBuildPhase section */
		B7C2522626C812A800ACBB84 /* Sources */ = {
			isa = PBXSourcesBuildPhase;
			buildActionMask = 2147483647;
			files = (
				B7C2529F26CE3ED900ACBB84 /* HashtagTableViewCell.swift in Sources */,
				B7C2524926C840A200ACBB84 /* PostViewController.swift in Sources */,
				B7C2527D26CC07CA00ACBB84 /* QuoteCastImageX1Cell.swift in Sources */,
				B7C2526126CA5E7100ACBB84 /* PostViewModel.swift in Sources */,
				B7C2525A26CA28FF00ACBB84 /* PostTextTableViewCell.swift in Sources */,
				B7C2526426CAC1D600ACBB84 /* ImagePostTableViewCell.swift in Sources */,
				B7C2524326C8402200ACBB84 /* CastKeyboardInput.swift in Sources */,
				B7C2529B26CE385800ACBB84 /* MentionTableViewCell.swift in Sources */,
				B7C2527526CBA99600ACBB84 /* QuoteCastTextCell.swift in Sources */,
				B7C2527926CC018000ACBB84 /* QuoteCastTextLinkCell.swift in Sources */,
				B7C2525126C84CAD00ACBB84 /* PostOpener.swift in Sources */,
				B7C2525E26CA3C4400ACBB84 /* HeaderPostTableViewCell.swift in Sources */,
				B7AC1E4F27180AAC002FC176 /* QuoteCastTextLinkPreviewCell.swift in Sources */,
				B7C2524F26C84C8500ACBB84 /* PostNibVars.swift in Sources */,
				B7C2528926CC130E00ACBB84 /* QuoteCastImageX2Cell.swift in Sources */,
				B7C2528F26CC15E300ACBB84 /* QuoteCastBlogNoImageCell.swift in Sources */,
				B7C2528226CC0DB300ACBB84 /* QuoteCastImageXMoreCell.swift in Sources */,
				B7C2528726CC130E00ACBB84 /* QuoteCastImageX3Cell.swift in Sources */,
				B7C2529226CC15E300ACBB84 /* QuoteCastBlogCell.swift in Sources */,
			);
			runOnlyForDeploymentPostprocessing = 0;
		};
/* End PBXSourcesBuildPhase section */

/* Begin XCBuildConfiguration section */
		B7C2523026C812A800ACBB84 /* Debug (Production) */ = {
			isa = XCBuildConfiguration;
			buildSettings = {
				ALWAYS_SEARCH_USER_PATHS = NO;
				CLANG_ANALYZER_NONNULL = YES;
				CLANG_ANALYZER_NUMBER_OBJECT_CONVERSION = YES_AGGRESSIVE;
				CLANG_CXX_LANGUAGE_STANDARD = "gnu++14";
				CLANG_CXX_LIBRARY = "libc++";
				CLANG_ENABLE_MODULES = YES;
				CLANG_ENABLE_OBJC_ARC = YES;
				CLANG_ENABLE_OBJC_WEAK = YES;
				CLANG_WARN_BLOCK_CAPTURE_AUTORELEASING = YES;
				CLANG_WARN_BOOL_CONVERSION = YES;
				CLANG_WARN_COMMA = YES;
				CLANG_WARN_CONSTANT_CONVERSION = YES;
				CLANG_WARN_DEPRECATED_OBJC_IMPLEMENTATIONS = YES;
				CLANG_WARN_DIRECT_OBJC_ISA_USAGE = YES_ERROR;
				CLANG_WARN_DOCUMENTATION_COMMENTS = YES;
				CLANG_WARN_EMPTY_BODY = YES;
				CLANG_WARN_ENUM_CONVERSION = YES;
				CLANG_WARN_INFINITE_RECURSION = YES;
				CLANG_WARN_INT_CONVERSION = YES;
				CLANG_WARN_NON_LITERAL_NULL_CONVERSION = YES;
				CLANG_WARN_OBJC_IMPLICIT_RETAIN_SELF = YES;
				CLANG_WARN_OBJC_LITERAL_CONVERSION = YES;
				CLANG_WARN_OBJC_ROOT_CLASS = YES_ERROR;
				CLANG_WARN_QUOTED_INCLUDE_IN_FRAMEWORK_HEADER = YES;
				CLANG_WARN_RANGE_LOOP_ANALYSIS = YES;
				CLANG_WARN_STRICT_PROTOTYPES = YES;
				CLANG_WARN_SUSPICIOUS_MOVE = YES;
				CLANG_WARN_UNGUARDED_AVAILABILITY = YES_AGGRESSIVE;
				CLANG_WARN_UNREACHABLE_CODE = YES;
				CLANG_WARN__DUPLICATE_METHOD_MATCH = YES;
				COPY_PHASE_STRIP = NO;
				CURRENT_PROJECT_VERSION = 1;
				DEBUG_INFORMATION_FORMAT = dwarf;
				ENABLE_BITCODE = NO;
				ENABLE_STRICT_OBJC_MSGSEND = YES;
				ENABLE_TESTABILITY = YES;
				GCC_C_LANGUAGE_STANDARD = gnu11;
				GCC_DYNAMIC_NO_PIC = NO;
				GCC_NO_COMMON_BLOCKS = YES;
				GCC_OPTIMIZATION_LEVEL = 0;
				GCC_PREPROCESSOR_DEFINITIONS = (
					"DEBUG=1",
					"$(inherited)",
				);
				GCC_WARN_64_TO_32_BIT_CONVERSION = YES;
				GCC_WARN_ABOUT_RETURN_TYPE = YES_ERROR;
				GCC_WARN_UNDECLARED_SELECTOR = YES;
				GCC_WARN_UNINITIALIZED_AUTOS = YES_AGGRESSIVE;
				GCC_WARN_UNUSED_FUNCTION = YES;
				GCC_WARN_UNUSED_VARIABLE = YES;
				IPHONEOS_DEPLOYMENT_TARGET = 13.0;
				MTL_ENABLE_DEBUG_INFO = INCLUDE_SOURCE;
				MTL_FAST_MATH = YES;
				ONLY_ACTIVE_ARCH = YES;
				SDKROOT = iphoneos;
				SWIFT_ACTIVE_COMPILATION_CONDITIONS = DEBUG;
				SWIFT_OPTIMIZATION_LEVEL = "-Onone";
				VERSIONING_SYSTEM = "apple-generic";
				VERSION_INFO_PREFIX = "";
			};
			name = "Debug (Production)";
		};
		B7C2523126C812A800ACBB84 /* Release (Production) */ = {
			isa = XCBuildConfiguration;
			buildSettings = {
				ALWAYS_SEARCH_USER_PATHS = NO;
				CLANG_ANALYZER_NONNULL = YES;
				CLANG_ANALYZER_NUMBER_OBJECT_CONVERSION = YES_AGGRESSIVE;
				CLANG_CXX_LANGUAGE_STANDARD = "gnu++14";
				CLANG_CXX_LIBRARY = "libc++";
				CLANG_ENABLE_MODULES = YES;
				CLANG_ENABLE_OBJC_ARC = YES;
				CLANG_ENABLE_OBJC_WEAK = YES;
				CLANG_WARN_BLOCK_CAPTURE_AUTORELEASING = YES;
				CLANG_WARN_BOOL_CONVERSION = YES;
				CLANG_WARN_COMMA = YES;
				CLANG_WARN_CONSTANT_CONVERSION = YES;
				CLANG_WARN_DEPRECATED_OBJC_IMPLEMENTATIONS = YES;
				CLANG_WARN_DIRECT_OBJC_ISA_USAGE = YES_ERROR;
				CLANG_WARN_DOCUMENTATION_COMMENTS = YES;
				CLANG_WARN_EMPTY_BODY = YES;
				CLANG_WARN_ENUM_CONVERSION = YES;
				CLANG_WARN_INFINITE_RECURSION = YES;
				CLANG_WARN_INT_CONVERSION = YES;
				CLANG_WARN_NON_LITERAL_NULL_CONVERSION = YES;
				CLANG_WARN_OBJC_IMPLICIT_RETAIN_SELF = YES;
				CLANG_WARN_OBJC_LITERAL_CONVERSION = YES;
				CLANG_WARN_OBJC_ROOT_CLASS = YES_ERROR;
				CLANG_WARN_QUOTED_INCLUDE_IN_FRAMEWORK_HEADER = YES;
				CLANG_WARN_RANGE_LOOP_ANALYSIS = YES;
				CLANG_WARN_STRICT_PROTOTYPES = YES;
				CLANG_WARN_SUSPICIOUS_MOVE = YES;
				CLANG_WARN_UNGUARDED_AVAILABILITY = YES_AGGRESSIVE;
				CLANG_WARN_UNREACHABLE_CODE = YES;
				CLANG_WARN__DUPLICATE_METHOD_MATCH = YES;
				COPY_PHASE_STRIP = NO;
				CURRENT_PROJECT_VERSION = 1;
				DEBUG_INFORMATION_FORMAT = "dwarf-with-dsym";
				ENABLE_BITCODE = NO;
				ENABLE_NS_ASSERTIONS = NO;
				ENABLE_STRICT_OBJC_MSGSEND = YES;
				GCC_C_LANGUAGE_STANDARD = gnu11;
				GCC_NO_COMMON_BLOCKS = YES;
				GCC_WARN_64_TO_32_BIT_CONVERSION = YES;
				GCC_WARN_ABOUT_RETURN_TYPE = YES_ERROR;
				GCC_WARN_UNDECLARED_SELECTOR = YES;
				GCC_WARN_UNINITIALIZED_AUTOS = YES_AGGRESSIVE;
				GCC_WARN_UNUSED_FUNCTION = YES;
				GCC_WARN_UNUSED_VARIABLE = YES;
				IPHONEOS_DEPLOYMENT_TARGET = 13.0;
				MTL_ENABLE_DEBUG_INFO = NO;
				MTL_FAST_MATH = YES;
				SDKROOT = iphoneos;
				SWIFT_COMPILATION_MODE = wholemodule;
				SWIFT_OPTIMIZATION_LEVEL = "-O";
				VALIDATE_PRODUCT = YES;
				VERSIONING_SYSTEM = "apple-generic";
				VERSION_INFO_PREFIX = "";
			};
			name = "Release (Production)";
		};
		B7C2523326C812A800ACBB84 /* Debug (Production) */ = {
			isa = XCBuildConfiguration;
			baseConfigurationReference = 04C7E3D514892CDCA8F80DCB /* Pods-Post.debug (production).xcconfig */;
			buildSettings = {
				CLANG_ENABLE_MODULES = YES;
				CODE_SIGN_STYLE = Automatic;
				DEFINES_MODULE = YES;
				DYLIB_COMPATIBILITY_VERSION = 1;
				DYLIB_CURRENT_VERSION = 1;
				DYLIB_INSTALL_NAME_BASE = "@rpath";
				INFOPLIST_FILE = Post/Info.plist;
				INSTALL_PATH = "$(LOCAL_LIBRARY_DIR)/Frameworks";
				LD_RUNPATH_SEARCH_PATHS = (
					"$(inherited)",
					"@executable_path/Frameworks",
					"@loader_path/Frameworks",
				);
				PRODUCT_BUNDLE_IDENTIFIER = com.castcle.Post;
				PRODUCT_NAME = "$(TARGET_NAME:c99extidentifier)";
				SKIP_INSTALL = YES;
				SWIFT_OPTIMIZATION_LEVEL = "-Onone";
				SWIFT_VERSION = 5.0;
				TARGETED_DEVICE_FAMILY = "1,2";
			};
			name = "Debug (Production)";
		};
		B7C2523426C812A800ACBB84 /* Release (Production) */ = {
			isa = XCBuildConfiguration;
			baseConfigurationReference = 59BD8A1899B67DA3615DAAAD /* Pods-Post.release (production).xcconfig */;
			buildSettings = {
				CLANG_ENABLE_MODULES = YES;
				CODE_SIGN_STYLE = Automatic;
				DEFINES_MODULE = YES;
				DYLIB_COMPATIBILITY_VERSION = 1;
				DYLIB_CURRENT_VERSION = 1;
				DYLIB_INSTALL_NAME_BASE = "@rpath";
				INFOPLIST_FILE = Post/Info.plist;
				INSTALL_PATH = "$(LOCAL_LIBRARY_DIR)/Frameworks";
				LD_RUNPATH_SEARCH_PATHS = (
					"$(inherited)",
					"@executable_path/Frameworks",
					"@loader_path/Frameworks",
				);
				PRODUCT_BUNDLE_IDENTIFIER = com.castcle.Post;
				PRODUCT_NAME = "$(TARGET_NAME:c99extidentifier)";
				SKIP_INSTALL = YES;
				SWIFT_VERSION = 5.0;
				TARGETED_DEVICE_FAMILY = "1,2";
			};
			name = "Release (Production)";
		};
		B7C2523526C8156E00ACBB84 /* Debug (Staging) */ = {
			isa = XCBuildConfiguration;
			buildSettings = {
				ALWAYS_SEARCH_USER_PATHS = NO;
				CLANG_ANALYZER_NONNULL = YES;
				CLANG_ANALYZER_NUMBER_OBJECT_CONVERSION = YES_AGGRESSIVE;
				CLANG_CXX_LANGUAGE_STANDARD = "gnu++14";
				CLANG_CXX_LIBRARY = "libc++";
				CLANG_ENABLE_MODULES = YES;
				CLANG_ENABLE_OBJC_ARC = YES;
				CLANG_ENABLE_OBJC_WEAK = YES;
				CLANG_WARN_BLOCK_CAPTURE_AUTORELEASING = YES;
				CLANG_WARN_BOOL_CONVERSION = YES;
				CLANG_WARN_COMMA = YES;
				CLANG_WARN_CONSTANT_CONVERSION = YES;
				CLANG_WARN_DEPRECATED_OBJC_IMPLEMENTATIONS = YES;
				CLANG_WARN_DIRECT_OBJC_ISA_USAGE = YES_ERROR;
				CLANG_WARN_DOCUMENTATION_COMMENTS = YES;
				CLANG_WARN_EMPTY_BODY = YES;
				CLANG_WARN_ENUM_CONVERSION = YES;
				CLANG_WARN_INFINITE_RECURSION = YES;
				CLANG_WARN_INT_CONVERSION = YES;
				CLANG_WARN_NON_LITERAL_NULL_CONVERSION = YES;
				CLANG_WARN_OBJC_IMPLICIT_RETAIN_SELF = YES;
				CLANG_WARN_OBJC_LITERAL_CONVERSION = YES;
				CLANG_WARN_OBJC_ROOT_CLASS = YES_ERROR;
				CLANG_WARN_QUOTED_INCLUDE_IN_FRAMEWORK_HEADER = YES;
				CLANG_WARN_RANGE_LOOP_ANALYSIS = YES;
				CLANG_WARN_STRICT_PROTOTYPES = YES;
				CLANG_WARN_SUSPICIOUS_MOVE = YES;
				CLANG_WARN_UNGUARDED_AVAILABILITY = YES_AGGRESSIVE;
				CLANG_WARN_UNREACHABLE_CODE = YES;
				CLANG_WARN__DUPLICATE_METHOD_MATCH = YES;
				COPY_PHASE_STRIP = NO;
				CURRENT_PROJECT_VERSION = 1;
				DEBUG_INFORMATION_FORMAT = dwarf;
				ENABLE_BITCODE = NO;
				ENABLE_STRICT_OBJC_MSGSEND = YES;
				ENABLE_TESTABILITY = YES;
				GCC_C_LANGUAGE_STANDARD = gnu11;
				GCC_DYNAMIC_NO_PIC = NO;
				GCC_NO_COMMON_BLOCKS = YES;
				GCC_OPTIMIZATION_LEVEL = 0;
				GCC_PREPROCESSOR_DEFINITIONS = (
					"DEBUG=1",
					"$(inherited)",
				);
				GCC_WARN_64_TO_32_BIT_CONVERSION = YES;
				GCC_WARN_ABOUT_RETURN_TYPE = YES_ERROR;
				GCC_WARN_UNDECLARED_SELECTOR = YES;
				GCC_WARN_UNINITIALIZED_AUTOS = YES_AGGRESSIVE;
				GCC_WARN_UNUSED_FUNCTION = YES;
				GCC_WARN_UNUSED_VARIABLE = YES;
				IPHONEOS_DEPLOYMENT_TARGET = 13.0;
				MTL_ENABLE_DEBUG_INFO = INCLUDE_SOURCE;
				MTL_FAST_MATH = YES;
				ONLY_ACTIVE_ARCH = YES;
				SDKROOT = iphoneos;
				SWIFT_ACTIVE_COMPILATION_CONDITIONS = DEBUG;
				SWIFT_OPTIMIZATION_LEVEL = "-Onone";
				VERSIONING_SYSTEM = "apple-generic";
				VERSION_INFO_PREFIX = "";
			};
			name = "Debug (Staging)";
		};
		B7C2523626C8156E00ACBB84 /* Debug (Staging) */ = {
			isa = XCBuildConfiguration;
			baseConfigurationReference = F202663F4CD3F7E00D063926 /* Pods-Post.debug (staging).xcconfig */;
			buildSettings = {
				CLANG_ENABLE_MODULES = YES;
				CODE_SIGN_STYLE = Automatic;
				DEFINES_MODULE = YES;
				DYLIB_COMPATIBILITY_VERSION = 1;
				DYLIB_CURRENT_VERSION = 1;
				DYLIB_INSTALL_NAME_BASE = "@rpath";
				INFOPLIST_FILE = Post/Info.plist;
				INSTALL_PATH = "$(LOCAL_LIBRARY_DIR)/Frameworks";
				LD_RUNPATH_SEARCH_PATHS = (
					"$(inherited)",
					"@executable_path/Frameworks",
					"@loader_path/Frameworks",
				);
				PRODUCT_BUNDLE_IDENTIFIER = com.castcle.Post;
				PRODUCT_NAME = "$(TARGET_NAME:c99extidentifier)";
				SKIP_INSTALL = YES;
				SWIFT_OPTIMIZATION_LEVEL = "-Onone";
				SWIFT_VERSION = 5.0;
				TARGETED_DEVICE_FAMILY = "1,2";
			};
			name = "Debug (Staging)";
		};
		B7C2523726C8157100ACBB84 /* Debug (Development) */ = {
			isa = XCBuildConfiguration;
			buildSettings = {
				ALWAYS_SEARCH_USER_PATHS = NO;
				CLANG_ANALYZER_NONNULL = YES;
				CLANG_ANALYZER_NUMBER_OBJECT_CONVERSION = YES_AGGRESSIVE;
				CLANG_CXX_LANGUAGE_STANDARD = "gnu++14";
				CLANG_CXX_LIBRARY = "libc++";
				CLANG_ENABLE_MODULES = YES;
				CLANG_ENABLE_OBJC_ARC = YES;
				CLANG_ENABLE_OBJC_WEAK = YES;
				CLANG_WARN_BLOCK_CAPTURE_AUTORELEASING = YES;
				CLANG_WARN_BOOL_CONVERSION = YES;
				CLANG_WARN_COMMA = YES;
				CLANG_WARN_CONSTANT_CONVERSION = YES;
				CLANG_WARN_DEPRECATED_OBJC_IMPLEMENTATIONS = YES;
				CLANG_WARN_DIRECT_OBJC_ISA_USAGE = YES_ERROR;
				CLANG_WARN_DOCUMENTATION_COMMENTS = YES;
				CLANG_WARN_EMPTY_BODY = YES;
				CLANG_WARN_ENUM_CONVERSION = YES;
				CLANG_WARN_INFINITE_RECURSION = YES;
				CLANG_WARN_INT_CONVERSION = YES;
				CLANG_WARN_NON_LITERAL_NULL_CONVERSION = YES;
				CLANG_WARN_OBJC_IMPLICIT_RETAIN_SELF = YES;
				CLANG_WARN_OBJC_LITERAL_CONVERSION = YES;
				CLANG_WARN_OBJC_ROOT_CLASS = YES_ERROR;
				CLANG_WARN_QUOTED_INCLUDE_IN_FRAMEWORK_HEADER = YES;
				CLANG_WARN_RANGE_LOOP_ANALYSIS = YES;
				CLANG_WARN_STRICT_PROTOTYPES = YES;
				CLANG_WARN_SUSPICIOUS_MOVE = YES;
				CLANG_WARN_UNGUARDED_AVAILABILITY = YES_AGGRESSIVE;
				CLANG_WARN_UNREACHABLE_CODE = YES;
				CLANG_WARN__DUPLICATE_METHOD_MATCH = YES;
				COPY_PHASE_STRIP = NO;
				CURRENT_PROJECT_VERSION = 1;
				DEBUG_INFORMATION_FORMAT = dwarf;
				ENABLE_BITCODE = NO;
				ENABLE_STRICT_OBJC_MSGSEND = YES;
				ENABLE_TESTABILITY = YES;
				GCC_C_LANGUAGE_STANDARD = gnu11;
				GCC_DYNAMIC_NO_PIC = NO;
				GCC_NO_COMMON_BLOCKS = YES;
				GCC_OPTIMIZATION_LEVEL = 0;
				GCC_PREPROCESSOR_DEFINITIONS = (
					"DEBUG=1",
					"$(inherited)",
				);
				GCC_WARN_64_TO_32_BIT_CONVERSION = YES;
				GCC_WARN_ABOUT_RETURN_TYPE = YES_ERROR;
				GCC_WARN_UNDECLARED_SELECTOR = YES;
				GCC_WARN_UNINITIALIZED_AUTOS = YES_AGGRESSIVE;
				GCC_WARN_UNUSED_FUNCTION = YES;
				GCC_WARN_UNUSED_VARIABLE = YES;
				IPHONEOS_DEPLOYMENT_TARGET = 13.0;
				MTL_ENABLE_DEBUG_INFO = INCLUDE_SOURCE;
				MTL_FAST_MATH = YES;
				ONLY_ACTIVE_ARCH = YES;
				SDKROOT = iphoneos;
				SWIFT_ACTIVE_COMPILATION_CONDITIONS = DEBUG;
				SWIFT_OPTIMIZATION_LEVEL = "-Onone";
				VERSIONING_SYSTEM = "apple-generic";
				VERSION_INFO_PREFIX = "";
			};
			name = "Debug (Development)";
		};
		B7C2523826C8157100ACBB84 /* Debug (Development) */ = {
			isa = XCBuildConfiguration;
			baseConfigurationReference = 079DACC0FB51A9D951B05483 /* Pods-Post.debug (development).xcconfig */;
			buildSettings = {
				CLANG_ENABLE_MODULES = YES;
				CODE_SIGN_STYLE = Automatic;
				DEFINES_MODULE = YES;
				DYLIB_COMPATIBILITY_VERSION = 1;
				DYLIB_CURRENT_VERSION = 1;
				DYLIB_INSTALL_NAME_BASE = "@rpath";
				INFOPLIST_FILE = Post/Info.plist;
				INSTALL_PATH = "$(LOCAL_LIBRARY_DIR)/Frameworks";
				LD_RUNPATH_SEARCH_PATHS = (
					"$(inherited)",
					"@executable_path/Frameworks",
					"@loader_path/Frameworks",
				);
				PRODUCT_BUNDLE_IDENTIFIER = com.castcle.Post;
				PRODUCT_NAME = "$(TARGET_NAME:c99extidentifier)";
				SKIP_INSTALL = YES;
				SWIFT_OPTIMIZATION_LEVEL = "-Onone";
				SWIFT_VERSION = 5.0;
				TARGETED_DEVICE_FAMILY = "1,2";
			};
			name = "Debug (Development)";
		};
		B7C2523926C8157300ACBB84 /* Release (Staging) */ = {
			isa = XCBuildConfiguration;
			buildSettings = {
				ALWAYS_SEARCH_USER_PATHS = NO;
				CLANG_ANALYZER_NONNULL = YES;
				CLANG_ANALYZER_NUMBER_OBJECT_CONVERSION = YES_AGGRESSIVE;
				CLANG_CXX_LANGUAGE_STANDARD = "gnu++14";
				CLANG_CXX_LIBRARY = "libc++";
				CLANG_ENABLE_MODULES = YES;
				CLANG_ENABLE_OBJC_ARC = YES;
				CLANG_ENABLE_OBJC_WEAK = YES;
				CLANG_WARN_BLOCK_CAPTURE_AUTORELEASING = YES;
				CLANG_WARN_BOOL_CONVERSION = YES;
				CLANG_WARN_COMMA = YES;
				CLANG_WARN_CONSTANT_CONVERSION = YES;
				CLANG_WARN_DEPRECATED_OBJC_IMPLEMENTATIONS = YES;
				CLANG_WARN_DIRECT_OBJC_ISA_USAGE = YES_ERROR;
				CLANG_WARN_DOCUMENTATION_COMMENTS = YES;
				CLANG_WARN_EMPTY_BODY = YES;
				CLANG_WARN_ENUM_CONVERSION = YES;
				CLANG_WARN_INFINITE_RECURSION = YES;
				CLANG_WARN_INT_CONVERSION = YES;
				CLANG_WARN_NON_LITERAL_NULL_CONVERSION = YES;
				CLANG_WARN_OBJC_IMPLICIT_RETAIN_SELF = YES;
				CLANG_WARN_OBJC_LITERAL_CONVERSION = YES;
				CLANG_WARN_OBJC_ROOT_CLASS = YES_ERROR;
				CLANG_WARN_QUOTED_INCLUDE_IN_FRAMEWORK_HEADER = YES;
				CLANG_WARN_RANGE_LOOP_ANALYSIS = YES;
				CLANG_WARN_STRICT_PROTOTYPES = YES;
				CLANG_WARN_SUSPICIOUS_MOVE = YES;
				CLANG_WARN_UNGUARDED_AVAILABILITY = YES_AGGRESSIVE;
				CLANG_WARN_UNREACHABLE_CODE = YES;
				CLANG_WARN__DUPLICATE_METHOD_MATCH = YES;
				COPY_PHASE_STRIP = NO;
				CURRENT_PROJECT_VERSION = 1;
				DEBUG_INFORMATION_FORMAT = "dwarf-with-dsym";
				ENABLE_BITCODE = NO;
				ENABLE_NS_ASSERTIONS = NO;
				ENABLE_STRICT_OBJC_MSGSEND = YES;
				GCC_C_LANGUAGE_STANDARD = gnu11;
				GCC_NO_COMMON_BLOCKS = YES;
				GCC_WARN_64_TO_32_BIT_CONVERSION = YES;
				GCC_WARN_ABOUT_RETURN_TYPE = YES_ERROR;
				GCC_WARN_UNDECLARED_SELECTOR = YES;
				GCC_WARN_UNINITIALIZED_AUTOS = YES_AGGRESSIVE;
				GCC_WARN_UNUSED_FUNCTION = YES;
				GCC_WARN_UNUSED_VARIABLE = YES;
				IPHONEOS_DEPLOYMENT_TARGET = 13.0;
				MTL_ENABLE_DEBUG_INFO = NO;
				MTL_FAST_MATH = YES;
				SDKROOT = iphoneos;
				SWIFT_COMPILATION_MODE = wholemodule;
				SWIFT_OPTIMIZATION_LEVEL = "-O";
				VALIDATE_PRODUCT = YES;
				VERSIONING_SYSTEM = "apple-generic";
				VERSION_INFO_PREFIX = "";
			};
			name = "Release (Staging)";
		};
		B7C2523A26C8157300ACBB84 /* Release (Staging) */ = {
			isa = XCBuildConfiguration;
			baseConfigurationReference = 2099F79CFAD8DDE5338684E3 /* Pods-Post.release (staging).xcconfig */;
			buildSettings = {
				CLANG_ENABLE_MODULES = YES;
				CODE_SIGN_STYLE = Automatic;
				DEFINES_MODULE = YES;
				DYLIB_COMPATIBILITY_VERSION = 1;
				DYLIB_CURRENT_VERSION = 1;
				DYLIB_INSTALL_NAME_BASE = "@rpath";
				INFOPLIST_FILE = Post/Info.plist;
				INSTALL_PATH = "$(LOCAL_LIBRARY_DIR)/Frameworks";
				LD_RUNPATH_SEARCH_PATHS = (
					"$(inherited)",
					"@executable_path/Frameworks",
					"@loader_path/Frameworks",
				);
				PRODUCT_BUNDLE_IDENTIFIER = com.castcle.Post;
				PRODUCT_NAME = "$(TARGET_NAME:c99extidentifier)";
				SKIP_INSTALL = YES;
				SWIFT_VERSION = 5.0;
				TARGETED_DEVICE_FAMILY = "1,2";
			};
			name = "Release (Staging)";
		};
		B7C2523B26C8157600ACBB84 /* Release (Development) */ = {
			isa = XCBuildConfiguration;
			buildSettings = {
				ALWAYS_SEARCH_USER_PATHS = NO;
				CLANG_ANALYZER_NONNULL = YES;
				CLANG_ANALYZER_NUMBER_OBJECT_CONVERSION = YES_AGGRESSIVE;
				CLANG_CXX_LANGUAGE_STANDARD = "gnu++14";
				CLANG_CXX_LIBRARY = "libc++";
				CLANG_ENABLE_MODULES = YES;
				CLANG_ENABLE_OBJC_ARC = YES;
				CLANG_ENABLE_OBJC_WEAK = YES;
				CLANG_WARN_BLOCK_CAPTURE_AUTORELEASING = YES;
				CLANG_WARN_BOOL_CONVERSION = YES;
				CLANG_WARN_COMMA = YES;
				CLANG_WARN_CONSTANT_CONVERSION = YES;
				CLANG_WARN_DEPRECATED_OBJC_IMPLEMENTATIONS = YES;
				CLANG_WARN_DIRECT_OBJC_ISA_USAGE = YES_ERROR;
				CLANG_WARN_DOCUMENTATION_COMMENTS = YES;
				CLANG_WARN_EMPTY_BODY = YES;
				CLANG_WARN_ENUM_CONVERSION = YES;
				CLANG_WARN_INFINITE_RECURSION = YES;
				CLANG_WARN_INT_CONVERSION = YES;
				CLANG_WARN_NON_LITERAL_NULL_CONVERSION = YES;
				CLANG_WARN_OBJC_IMPLICIT_RETAIN_SELF = YES;
				CLANG_WARN_OBJC_LITERAL_CONVERSION = YES;
				CLANG_WARN_OBJC_ROOT_CLASS = YES_ERROR;
				CLANG_WARN_QUOTED_INCLUDE_IN_FRAMEWORK_HEADER = YES;
				CLANG_WARN_RANGE_LOOP_ANALYSIS = YES;
				CLANG_WARN_STRICT_PROTOTYPES = YES;
				CLANG_WARN_SUSPICIOUS_MOVE = YES;
				CLANG_WARN_UNGUARDED_AVAILABILITY = YES_AGGRESSIVE;
				CLANG_WARN_UNREACHABLE_CODE = YES;
				CLANG_WARN__DUPLICATE_METHOD_MATCH = YES;
				COPY_PHASE_STRIP = NO;
				CURRENT_PROJECT_VERSION = 1;
				DEBUG_INFORMATION_FORMAT = "dwarf-with-dsym";
				ENABLE_BITCODE = NO;
				ENABLE_NS_ASSERTIONS = NO;
				ENABLE_STRICT_OBJC_MSGSEND = YES;
				GCC_C_LANGUAGE_STANDARD = gnu11;
				GCC_NO_COMMON_BLOCKS = YES;
				GCC_WARN_64_TO_32_BIT_CONVERSION = YES;
				GCC_WARN_ABOUT_RETURN_TYPE = YES_ERROR;
				GCC_WARN_UNDECLARED_SELECTOR = YES;
				GCC_WARN_UNINITIALIZED_AUTOS = YES_AGGRESSIVE;
				GCC_WARN_UNUSED_FUNCTION = YES;
				GCC_WARN_UNUSED_VARIABLE = YES;
				IPHONEOS_DEPLOYMENT_TARGET = 13.0;
				MTL_ENABLE_DEBUG_INFO = NO;
				MTL_FAST_MATH = YES;
				SDKROOT = iphoneos;
				SWIFT_COMPILATION_MODE = wholemodule;
				SWIFT_OPTIMIZATION_LEVEL = "-O";
				VALIDATE_PRODUCT = YES;
				VERSIONING_SYSTEM = "apple-generic";
				VERSION_INFO_PREFIX = "";
			};
			name = "Release (Development)";
		};
		B7C2523C26C8157600ACBB84 /* Release (Development) */ = {
			isa = XCBuildConfiguration;
			baseConfigurationReference = 289D7CBE1FD86DF81CCA5667 /* Pods-Post.release (development).xcconfig */;
			buildSettings = {
				CLANG_ENABLE_MODULES = YES;
				CODE_SIGN_STYLE = Automatic;
				DEFINES_MODULE = YES;
				DYLIB_COMPATIBILITY_VERSION = 1;
				DYLIB_CURRENT_VERSION = 1;
				DYLIB_INSTALL_NAME_BASE = "@rpath";
				INFOPLIST_FILE = Post/Info.plist;
				INSTALL_PATH = "$(LOCAL_LIBRARY_DIR)/Frameworks";
				LD_RUNPATH_SEARCH_PATHS = (
					"$(inherited)",
					"@executable_path/Frameworks",
					"@loader_path/Frameworks",
				);
				PRODUCT_BUNDLE_IDENTIFIER = com.castcle.Post;
				PRODUCT_NAME = "$(TARGET_NAME:c99extidentifier)";
				SKIP_INSTALL = YES;
				SWIFT_VERSION = 5.0;
				TARGETED_DEVICE_FAMILY = "1,2";
			};
			name = "Release (Development)";
		};
/* End XCBuildConfiguration section */

/* Begin XCConfigurationList section */
		B7C2522426C812A800ACBB84 /* Build configuration list for PBXProject "Post" */ = {
			isa = XCConfigurationList;
			buildConfigurations = (
				B7C2523026C812A800ACBB84 /* Debug (Production) */,
				B7C2523526C8156E00ACBB84 /* Debug (Staging) */,
				B7C2523726C8157100ACBB84 /* Debug (Development) */,
				B7C2523126C812A800ACBB84 /* Release (Production) */,
				B7C2523926C8157300ACBB84 /* Release (Staging) */,
				B7C2523B26C8157600ACBB84 /* Release (Development) */,
			);
			defaultConfigurationIsVisible = 0;
			defaultConfigurationName = "Release (Production)";
		};
		B7C2523226C812A800ACBB84 /* Build configuration list for PBXNativeTarget "Post" */ = {
			isa = XCConfigurationList;
			buildConfigurations = (
				B7C2523326C812A800ACBB84 /* Debug (Production) */,
				B7C2523626C8156E00ACBB84 /* Debug (Staging) */,
				B7C2523826C8157100ACBB84 /* Debug (Development) */,
				B7C2523426C812A800ACBB84 /* Release (Production) */,
				B7C2523A26C8157300ACBB84 /* Release (Staging) */,
				B7C2523C26C8157600ACBB84 /* Release (Development) */,
			);
			defaultConfigurationIsVisible = 0;
			defaultConfigurationName = "Release (Production)";
		};
/* End XCConfigurationList section */
	};
	rootObject = B7C2522126C812A800ACBB84 /* Project object */;
}
